// !$*UTF8*$!
{
	archiveVersion = 1;
	classes = {
	};
	objectVersion = 46;
	objects = {

/* Begin PBXBuildFile section */
		233290A618E03AAD00813E26 /* CoreFoundation.framework in Frameworks */ = {isa = PBXBuildFile; fileRef = 233290A518E03AAD00813E26 /* CoreFoundation.framework */; };
		233290AC18E03AAD00813E26 /* InfoPlist.strings in Resources */ = {isa = PBXBuildFile; fileRef = 233290AA18E03AAD00813E26 /* InfoPlist.strings */; };
		233290B518E03B8800813E26 /* BonjourPlugin.mm in Sources */ = {isa = PBXBuildFile; fileRef = 233290B318E03B8800813E26 /* BonjourPlugin.mm */; };
		233290BB18E0465C00813E26 /* BonjourServer.mm in Sources */ = {isa = PBXBuildFile; fileRef = 233290BA18E0465C00813E26 /* BonjourServer.mm */; };
/* End PBXBuildFile section */

/* Begin PBXFileReference section */
		233290A218E03AAD00813E26 /* BonjourPlugin.bundle */ = {isa = PBXFileReference; explicitFileType = wrapper.cfbundle; includeInIndex = 0; path = BonjourPlugin.bundle; sourceTree = BUILT_PRODUCTS_DIR; };
		233290A518E03AAD00813E26 /* CoreFoundation.framework */ = {isa = PBXFileReference; lastKnownFileType = wrapper.framework; name = CoreFoundation.framework; path = System/Library/Frameworks/CoreFoundation.framework; sourceTree = SDKROOT; };
		233290A918E03AAD00813E26 /* BonjourPlugin-Info.plist */ = {isa = PBXFileReference; lastKnownFileType = text.plist.xml; path = "BonjourPlugin-Info.plist"; sourceTree = "<group>"; };
		233290AB18E03AAD00813E26 /* en */ = {isa = PBXFileReference; lastKnownFileType = text.plist.strings; name = en; path = en.lproj/InfoPlist.strings; sourceTree = "<group>"; };
		233290AD18E03AAD00813E26 /* BonjourPlugin-Prefix.pch */ = {isa = PBXFileReference; lastKnownFileType = sourcecode.c.h; path = "BonjourPlugin-Prefix.pch"; sourceTree = "<group>"; };
		233290B318E03B8800813E26 /* BonjourPlugin.mm */ = {isa = PBXFileReference; fileEncoding = 4; lastKnownFileType = sourcecode.cpp.objcpp; path = BonjourPlugin.mm; sourceTree = SOURCE_ROOT; };
		233290B418E03B8800813E26 /* BonjourPlugin.pch */ = {isa = PBXFileReference; fileEncoding = 4; lastKnownFileType = sourcecode.c.h; path = BonjourPlugin.pch; sourceTree = SOURCE_ROOT; };
		233290B918E0465C00813E26 /* BonjourServer.h */ = {isa = PBXFileReference; fileEncoding = 4; lastKnownFileType = sourcecode.c.h; name = BonjourServer.h; path = ../BonjourServer.h; sourceTree = "<group>"; };
		233290BA18E0465C00813E26 /* BonjourServer.mm */ = {isa = PBXFileReference; fileEncoding = 4; lastKnownFileType = sourcecode.cpp.objcpp; name = BonjourServer.mm; path = ../BonjourServer.mm; sourceTree = "<group>"; };
/* End PBXFileReference section */

/* Begin PBXFrameworksBuildPhase section */
		2332909F18E03AAD00813E26 /* Frameworks */ = {
			isa = PBXFrameworksBuildPhase;
			buildActionMask = 2147483647;
			files = (
				233290A618E03AAD00813E26 /* CoreFoundation.framework in Frameworks */,
			);
			runOnlyForDeploymentPostprocessing = 0;
		};
/* End PBXFrameworksBuildPhase section */

/* Begin PBXGroup section */
		2332909918E03AAD00813E26 = {
			isa = PBXGroup;
			children = (
				233290A718E03AAD00813E26 /* BonjourPlugin */,
				233290A418E03AAD00813E26 /* Frameworks */,
				233290A318E03AAD00813E26 /* Products */,
			);
			sourceTree = "<group>";
		};
		233290A318E03AAD00813E26 /* Products */ = {
			isa = PBXGroup;
			children = (
				233290A218E03AAD00813E26 /* BonjourPlugin.bundle */,
			);
			name = Products;
			sourceTree = "<group>";
		};
		233290A418E03AAD00813E26 /* Frameworks */ = {
			isa = PBXGroup;
			children = (
				233290A518E03AAD00813E26 /* CoreFoundation.framework */,
			);
			name = Frameworks;
			sourceTree = "<group>";
		};
		233290A718E03AAD00813E26 /* BonjourPlugin */ = {
			isa = PBXGroup;
			children = (
				233290B918E0465C00813E26 /* BonjourServer.h */,
				233290BA18E0465C00813E26 /* BonjourServer.mm */,
				233290B318E03B8800813E26 /* BonjourPlugin.mm */,
				233290B418E03B8800813E26 /* BonjourPlugin.pch */,
				233290A818E03AAD00813E26 /* Supporting Files */,
			);
			path = BonjourPlugin;
			sourceTree = "<group>";
		};
		233290A818E03AAD00813E26 /* Supporting Files */ = {
			isa = PBXGroup;
			children = (
				233290A918E03AAD00813E26 /* BonjourPlugin-Info.plist */,
				233290AA18E03AAD00813E26 /* InfoPlist.strings */,
				233290AD18E03AAD00813E26 /* BonjourPlugin-Prefix.pch */,
			);
			name = "Supporting Files";
			sourceTree = "<group>";
		};
/* End PBXGroup section */

/* Begin PBXNativeTarget section */
		233290A118E03AAD00813E26 /* BonjourPlugin */ = {
			isa = PBXNativeTarget;
			buildConfigurationList = 233290B018E03AAD00813E26 /* Build configuration list for PBXNativeTarget "BonjourPlugin" */;
			buildPhases = (
				2332909E18E03AAD00813E26 /* Sources */,
				2332909F18E03AAD00813E26 /* Frameworks */,
				233290A018E03AAD00813E26 /* Resources */,
			);
			buildRules = (
			);
			dependencies = (
			);
			name = BonjourPlugin;
			productName = BonjourPlugin;
			productReference = 233290A218E03AAD00813E26 /* BonjourPlugin.bundle */;
			productType = "com.apple.product-type.bundle";
		};
/* End PBXNativeTarget section */

/* Begin PBXProject section */
		2332909A18E03AAD00813E26 /* Project object */ = {
			isa = PBXProject;
			attributes = {
				LastUpgradeCheck = 0510;
				ORGANIZATIONNAME = "谷口 直嗣";
			};
			buildConfigurationList = 2332909D18E03AAD00813E26 /* Build configuration list for PBXProject "BonjourPlugin" */;
			compatibilityVersion = "Xcode 3.2";
			developmentRegion = English;
			hasScannedForEncodings = 0;
			knownRegions = (
				en,
			);
			mainGroup = 2332909918E03AAD00813E26;
			productRefGroup = 233290A318E03AAD00813E26 /* Products */;
			projectDirPath = "";
			projectRoot = "";
			targets = (
				233290A118E03AAD00813E26 /* BonjourPlugin */,
			);
		};
/* End PBXProject section */

/* Begin PBXResourcesBuildPhase section */
		233290A018E03AAD00813E26 /* Resources */ = {
			isa = PBXResourcesBuildPhase;
			buildActionMask = 2147483647;
			files = (
				233290AC18E03AAD00813E26 /* InfoPlist.strings in Resources */,
			);
			runOnlyForDeploymentPostprocessing = 0;
		};
/* End PBXResourcesBuildPhase section */

/* Begin PBXSourcesBuildPhase section */
		2332909E18E03AAD00813E26 /* Sources */ = {
			isa = PBXSourcesBuildPhase;
			buildActionMask = 2147483647;
			files = (
				233290BB18E0465C00813E26 /* BonjourServer.mm in Sources */,
				233290B518E03B8800813E26 /* BonjourPlugin.mm in Sources */,
			);
			runOnlyForDeploymentPostprocessing = 0;
		};
/* End PBXSourcesBuildPhase section */

/* Begin PBXVariantGroup section */
		233290AA18E03AAD00813E26 /* InfoPlist.strings */ = {
			isa = PBXVariantGroup;
			children = (
				233290AB18E03AAD00813E26 /* en */,
			);
			name = InfoPlist.strings;
			sourceTree = "<group>";
		};
/* End PBXVariantGroup section */

/* Begin XCBuildConfiguration section */
		233290AE18E03AAD00813E26 /* Debug */ = {
			isa = XCBuildConfiguration;
			buildSettings = {
				ALWAYS_SEARCH_USER_PATHS = NO;
				CLANG_CXX_LANGUAGE_STANDARD = "gnu++0x";
				CLANG_CXX_LIBRARY = "libc++";
				CLANG_ENABLE_MODULES = YES;
				CLANG_ENABLE_OBJC_ARC = YES;
				CLANG_WARN_BOOL_CONVERSION = YES;
				CLANG_WARN_CONSTANT_CONVERSION = YES;
				CLANG_WARN_DIRECT_OBJC_ISA_USAGE = YES_ERROR;
				CLANG_WARN_EMPTY_BODY = YES;
				CLANG_WARN_ENUM_CONVERSION = YES;
				CLANG_WARN_INT_CONVERSION = YES;
				CLANG_WARN_OBJC_ROOT_CLASS = YES_ERROR;
				CLANG_WARN__DUPLICATE_METHOD_MATCH = YES;
				COPY_PHASE_STRIP = NO;
				GCC_C_LANGUAGE_STANDARD = gnu99;
				GCC_DYNAMIC_NO_PIC = NO;
				GCC_ENABLE_OBJC_EXCEPTIONS = YES;
				GCC_OPTIMIZATION_LEVEL = 0;
				GCC_PREPROCESSOR_DEFINITIONS = (
					"DEBUG=1",
					"$(inherited)",
				);
				GCC_SYMBOLS_PRIVATE_EXTERN = NO;
				GCC_WARN_64_TO_32_BIT_CONVERSION = YES;
				GCC_WARN_ABOUT_RETURN_TYPE = YES_ERROR;
				GCC_WARN_UNDECLARED_SELECTOR = YES;
				GCC_WARN_UNINITIALIZED_AUTOS = YES_AGGRESSIVE;
				GCC_WARN_UNUSED_FUNCTION = YES;
				GCC_WARN_UNUSED_VARIABLE = YES;
				MACOSX_DEPLOYMENT_TARGET = 10.9;
				ONLY_ACTIVE_ARCH = YES;
				SDKROOT = macosx;
			};
			name = Debug;
		};
		233290AF18E03AAD00813E26 /* Release */ = {
			isa = XCBuildConfiguration;
			buildSettings = {
				ALWAYS_SEARCH_USER_PATHS = NO;
				CLANG_CXX_LANGUAGE_STANDARD = "gnu++0x";
				CLANG_CXX_LIBRARY = "libc++";
				CLANG_ENABLE_MODULES = YES;
				CLANG_ENABLE_OBJC_ARC = YES;
				CLANG_WARN_BOOL_CONVERSION = YES;
				CLANG_WARN_CONSTANT_CONVERSION = YES;
				CLANG_WARN_DIRECT_OBJC_ISA_USAGE = YES_ERROR;
				CLANG_WARN_EMPTY_BODY = YES;
				CLANG_WARN_ENUM_CONVERSION = YES;
				CLANG_WARN_INT_CONVERSION = YES;
				CLANG_WARN_OBJC_ROOT_CLASS = YES_ERROR;
				CLANG_WARN__DUPLICATE_METHOD_MATCH = YES;
				COPY_PHASE_STRIP = YES;
				DEBUG_INFORMATION_FORMAT = "dwarf-with-dsym";
				ENABLE_NS_ASSERTIONS = NO;
				GCC_C_LANGUAGE_STANDARD = gnu99;
				GCC_ENABLE_OBJC_EXCEPTIONS = YES;
				GCC_WARN_64_TO_32_BIT_CONVERSION = YES;
				GCC_WARN_ABOUT_RETURN_TYPE = YES_ERROR;
				GCC_WARN_UNDECLARED_SELECTOR = YES;
				GCC_WARN_UNINITIALIZED_AUTOS = YES_AGGRESSIVE;
				GCC_WARN_UNUSED_FUNCTION = YES;
				GCC_WARN_UNUSED_VARIABLE = YES;
				MACOSX_DEPLOYMENT_TARGET = 10.9;
				SDKROOT = macosx;
			};
			name = Release;
		};
		233290B118E03AAD00813E26 /* Debug */ = {
			isa = XCBuildConfiguration;
			buildSettings = {
				ARCHS = "$(ARCHS_STANDARD_32_64_BIT)";
				CLANG_ENABLE_OBJC_ARC = NO;
				COMBINE_HIDPI_IMAGES = YES;
				GCC_PRECOMPILE_PREFIX_HEADER = YES;
				GCC_PREFIX_HEADER = "BonjourPlugin/BonjourPlugin-Prefix.pch";
				INFOPLIST_FILE = "BonjourPlugin/BonjourPlugin-Info.plist";
				INSTALL_PATH = "$(LOCAL_LIBRARY_DIR)/Bundles";
				PRODUCT_NAME = "$(TARGET_NAME)";
				WRAPPER_EXTENSION = bundle;
			};
			name = Debug;
		};
		233290B218E03AAD00813E26 /* Release */ = {
			isa = XCBuildConfiguration;
			buildSettings = {
				ARCHS = "$(ARCHS_STANDARD_32_64_BIT)";
				CLANG_ENABLE_OBJC_ARC = NO;
				COMBINE_HIDPI_IMAGES = YES;
				GCC_PRECOMPILE_PREFIX_HEADER = YES;
				GCC_PREFIX_HEADER = "BonjourPlugin/BonjourPlugin-Prefix.pch";
				INFOPLIST_FILE = "BonjourPlugin/BonjourPlugin-Info.plist";
				INSTALL_PATH = "$(LOCAL_LIBRARY_DIR)/Bundles";
				PRODUCT_NAME = "$(TARGET_NAME)";
				WRAPPER_EXTENSION = bundle;
			};
			name = Release;
		};
/* End XCBuildConfiguration section */

/* Begin XCConfigurationList section */
		2332909D18E03AAD00813E26 /* Build configuration list for PBXProject "BonjourPlugin" */ = {
			isa = XCConfigurationList;
			buildConfigurations = (
				233290AE18E03AAD00813E26 /* Debug */,
				233290AF18E03AAD00813E26 /* Release */,
			);
			defaultConfigurationIsVisible = 0;
			defaultConfigurationName = Release;
		};
		233290B018E03AAD00813E26 /* Build configuration list for PBXNativeTarget "BonjourPlugin" */ = {
			isa = XCConfigurationList;
			buildConfigurations = (
				233290B118E03AAD00813E26 /* Debug */,
				233290B218E03AAD00813E26 /* Release */,
			);
			defaultConfigurationIsVisible = 0;
		};
/* End XCConfigurationList section */
	};
	rootObject = 2332909A18E03AAD00813E26 /* Project object */;
}
